// !$*UTF8*$!
{
	archiveVersion = 1;
	classes = {
	};
	objectVersion = 46;
	objects = {

/* Begin PBXBuildFile section */
		2F3F41E719BEE8DA00487106 /* AppDelegate.swift in Sources */ = {isa = PBXBuildFile; fileRef = 2F3F41E619BEE8DA00487106 /* AppDelegate.swift */; };
		2F3F41E919BEE8DB00487106 /* ViewController.swift in Sources */ = {isa = PBXBuildFile; fileRef = 2F3F41E819BEE8DB00487106 /* ViewController.swift */; };
		2F3F41EC19BEE8DB00487106 /* Main.storyboard in Resources */ = {isa = PBXBuildFile; fileRef = 2F3F41EA19BEE8DB00487106 /* Main.storyboard */; };
		2F3F41EE19BEE8DB00487106 /* Images.xcassets in Resources */ = {isa = PBXBuildFile; fileRef = 2F3F41ED19BEE8DB00487106 /* Images.xcassets */; };
		2F3F41FA19BEE8DB00487106 /* XebiaBlogTests.swift in Sources */ = {isa = PBXBuildFile; fileRef = 2F3F41F919BEE8DB00487106 /* XebiaBlogTests.swift */; };
		2F3F420619BEECAB00487106 /* ArrowView.swift in Sources */ = {isa = PBXBuildFile; fileRef = 2F3F420519BEECAB00487106 /* ArrowView.swift */; };
		2F3F420819BEED1400487106 /* XebiaBlogStyleKit.swift in Sources */ = {isa = PBXBuildFile; fileRef = 2F3F420719BEED1400487106 /* XebiaBlogStyleKit.swift */; };
/* End PBXBuildFile section */

/* Begin PBXContainerItemProxy section */
		2F3F41F419BEE8DB00487106 /* PBXContainerItemProxy */ = {
			isa = PBXContainerItemProxy;
			containerPortal = 2F3F41D919BEE8DA00487106 /* Project object */;
			proxyType = 1;
			remoteGlobalIDString = 2F3F41E019BEE8DA00487106;
			remoteInfo = XebiaBlog;
		};
/* End PBXContainerItemProxy section */

/* Begin PBXFileReference section */
		2F3F41E119BEE8DA00487106 /* XebiaBlog.app */ = {isa = PBXFileReference; explicitFileType = wrapper.application; includeInIndex = 0; path = XebiaBlog.app; sourceTree = BUILT_PRODUCTS_DIR; };
		2F3F41E519BEE8DA00487106 /* Info.plist */ = {isa = PBXFileReference; lastKnownFileType = text.plist.xml; path = Info.plist; sourceTree = "<group>"; };
		2F3F41E619BEE8DA00487106 /* AppDelegate.swift */ = {isa = PBXFileReference; lastKnownFileType = sourcecode.swift; path = AppDelegate.swift; sourceTree = "<group>"; };
		2F3F41E819BEE8DB00487106 /* ViewController.swift */ = {isa = PBXFileReference; lastKnownFileType = sourcecode.swift; path = ViewController.swift; sourceTree = "<group>"; };
		2F3F41EB19BEE8DB00487106 /* Base */ = {isa = PBXFileReference; lastKnownFileType = file.storyboard; name = Base; path = Base.lproj/Main.storyboard; sourceTree = "<group>"; };
		2F3F41ED19BEE8DB00487106 /* Images.xcassets */ = {isa = PBXFileReference; lastKnownFileType = folder.assetcatalog; path = Images.xcassets; sourceTree = "<group>"; };
		2F3F41F319BEE8DB00487106 /* XebiaBlogTests.xctest */ = {isa = PBXFileReference; explicitFileType = wrapper.cfbundle; includeInIndex = 0; path = XebiaBlogTests.xctest; sourceTree = BUILT_PRODUCTS_DIR; };
		2F3F41F819BEE8DB00487106 /* Info.plist */ = {isa = PBXFileReference; lastKnownFileType = text.plist.xml; path = Info.plist; sourceTree = "<group>"; };
		2F3F41F919BEE8DB00487106 /* XebiaBlogTests.swift */ = {isa = PBXFileReference; lastKnownFileType = sourcecode.swift; path = XebiaBlogTests.swift; sourceTree = "<group>"; };
		2F3F420519BEECAB00487106 /* ArrowView.swift */ = {isa = PBXFileReference; fileEncoding = 4; lastKnownFileType = sourcecode.swift; path = ArrowView.swift; sourceTree = "<group>"; };
		2F3F420719BEED1400487106 /* XebiaBlogStyleKit.swift */ = {isa = PBXFileReference; fileEncoding = 4; lastKnownFileType = sourcecode.swift; path = XebiaBlogStyleKit.swift; sourceTree = SOURCE_ROOT; };
/* End PBXFileReference section */

/* Begin PBXFrameworksBuildPhase section */
		2F3F41DE19BEE8DA00487106 /* Frameworks */ = {
			isa = PBXFrameworksBuildPhase;
			buildActionMask = 2147483647;
			files = (
			);
			runOnlyForDeploymentPostprocessing = 0;
		};
		2F3F41F019BEE8DB00487106 /* Frameworks */ = {
			isa = PBXFrameworksBuildPhase;
			buildActionMask = 2147483647;
			files = (
			);
			runOnlyForDeploymentPostprocessing = 0;
		};
/* End PBXFrameworksBuildPhase section */

/* Begin PBXGroup section */
		2F3F41D819BEE8DA00487106 = {
			isa = PBXGroup;
			children = (
				2F3F41E319BEE8DA00487106 /* XebiaBlog */,
				2F3F41F619BEE8DB00487106 /* XebiaBlogTests */,
				2F3F41E219BEE8DA00487106 /* Products */,
			);
			sourceTree = "<group>";
		};
		2F3F41E219BEE8DA00487106 /* Products */ = {
			isa = PBXGroup;
			children = (
				2F3F41E119BEE8DA00487106 /* XebiaBlog.app */,
				2F3F41F319BEE8DB00487106 /* XebiaBlogTests.xctest */,
			);
			name = Products;
			sourceTree = "<group>";
		};
		2F3F41E319BEE8DA00487106 /* XebiaBlog */ = {
			isa = PBXGroup;
			children = (
				2F3F41E619BEE8DA00487106 /* AppDelegate.swift */,
				2F3F41E819BEE8DB00487106 /* ViewController.swift */,
				2F3F41EA19BEE8DB00487106 /* Main.storyboard */,
				2F3F41ED19BEE8DB00487106 /* Images.xcassets */,
				2F3F41E419BEE8DA00487106 /* Supporting Files */,
				2F3F420519BEECAB00487106 /* ArrowView.swift */,
				2F3F420719BEED1400487106 /* XebiaBlogStyleKit.swift */,
			);
			path = XebiaBlog;
			sourceTree = "<group>";
		};
		2F3F41E419BEE8DA00487106 /* Supporting Files */ = {
			isa = PBXGroup;
			children = (
				2F3F41E519BEE8DA00487106 /* Info.plist */,
			);
			name = "Supporting Files";
			sourceTree = "<group>";
		};
		2F3F41F619BEE8DB00487106 /* XebiaBlogTests */ = {
			isa = PBXGroup;
			children = (
				2F3F41F919BEE8DB00487106 /* XebiaBlogTests.swift */,
				2F3F41F719BEE8DB00487106 /* Supporting Files */,
			);
			path = XebiaBlogTests;
			sourceTree = "<group>";
		};
		2F3F41F719BEE8DB00487106 /* Supporting Files */ = {
			isa = PBXGroup;
			children = (
				2F3F41F819BEE8DB00487106 /* Info.plist */,
			);
			name = "Supporting Files";
			sourceTree = "<group>";
		};
/* End PBXGroup section */

/* Begin PBXNativeTarget section */
		2F3F41E019BEE8DA00487106 /* XebiaBlog */ = {
			isa = PBXNativeTarget;
			buildConfigurationList = 2F3F41FD19BEE8DB00487106 /* Build configuration list for PBXNativeTarget "XebiaBlog" */;
			buildPhases = (
				2F3F41DD19BEE8DA00487106 /* Sources */,
				2F3F41DE19BEE8DA00487106 /* Frameworks */,
				2F3F41DF19BEE8DA00487106 /* Resources */,
			);
			buildRules = (
			);
			dependencies = (
			);
			name = XebiaBlog;
			productName = XebiaBlog;
			productReference = 2F3F41E119BEE8DA00487106 /* XebiaBlog.app */;
			productType = "com.apple.product-type.application";
		};
		2F3F41F219BEE8DB00487106 /* XebiaBlogTests */ = {
			isa = PBXNativeTarget;
			buildConfigurationList = 2F3F420019BEE8DB00487106 /* Build configuration list for PBXNativeTarget "XebiaBlogTests" */;
			buildPhases = (
				2F3F41EF19BEE8DB00487106 /* Sources */,
				2F3F41F019BEE8DB00487106 /* Frameworks */,
				2F3F41F119BEE8DB00487106 /* Resources */,
			);
			buildRules = (
			);
			dependencies = (
				2F3F41F519BEE8DB00487106 /* PBXTargetDependency */,
			);
			name = XebiaBlogTests;
			productName = XebiaBlogTests;
			productReference = 2F3F41F319BEE8DB00487106 /* XebiaBlogTests.xctest */;
			productType = "com.apple.product-type.bundle.unit-test";
		};
/* End PBXNativeTarget section */

/* Begin PBXProject section */
		2F3F41D919BEE8DA00487106 /* Project object */ = {
			isa = PBXProject;
			attributes = {
				LastUpgradeCheck = 0600;
				ORGANIZATIONNAME = "Lammert Westerhoff";
				TargetAttributes = {
					2F3F41E019BEE8DA00487106 = {
						CreatedOnToolsVersion = 6.0;
					};
					2F3F41F219BEE8DB00487106 = {
						CreatedOnToolsVersion = 6.0;
						TestTargetID = 2F3F41E019BEE8DA00487106;
					};
				};
			};
			buildConfigurationList = 2F3F41DC19BEE8DA00487106 /* Build configuration list for PBXProject "XebiaBlog" */;
			compatibilityVersion = "Xcode 3.2";
			developmentRegion = English;
			hasScannedForEncodings = 0;
			knownRegions = (
				en,
				Base,
			);
			mainGroup = 2F3F41D819BEE8DA00487106;
			productRefGroup = 2F3F41E219BEE8DA00487106 /* Products */;
			projectDirPath = "";
			projectRoot = "";
			targets = (
				2F3F41E019BEE8DA00487106 /* XebiaBlog */,
				2F3F41F219BEE8DB00487106 /* XebiaBlogTests */,
			);
		};
/* End PBXProject section */

/* Begin PBXResourcesBuildPhase section */
		2F3F41DF19BEE8DA00487106 /* Resources */ = {
			isa = PBXResourcesBuildPhase;
			buildActionMask = 2147483647;
			files = (
				2F3F41EC19BEE8DB00487106 /* Main.storyboard in Resources */,
				2F3F41EE19BEE8DB00487106 /* Images.xcassets in Resources */,
			);
			runOnlyForDeploymentPostprocessing = 0;
		};
		2F3F41F119BEE8DB00487106 /* Resources */ = {
			isa = PBXResourcesBuildPhase;
			buildActionMask = 2147483647;
			files = (
			);
			runOnlyForDeploymentPostprocessing = 0;
		};
/* End PBXResourcesBuildPhase section */

/* Begin PBXSourcesBuildPhase section */
		2F3F41DD19BEE8DA00487106 /* Sources */ = {
			isa = PBXSourcesBuildPhase;
			buildActionMask = 2147483647;
			files = (
				2F3F420819BEED1400487106 /* XebiaBlogStyleKit.swift in Sources */,
				2F3F420619BEECAB00487106 /* ArrowView.swift in Sources */,
				2F3F41E919BEE8DB00487106 /* ViewController.swift in Sources */,
				2F3F41E719BEE8DA00487106 /* AppDelegate.swift in Sources */,
			);
			runOnlyForDeploymentPostprocessing = 0;
		};
		2F3F41EF19BEE8DB00487106 /* Sources */ = {
			isa = PBXSourcesBuildPhase;
			buildActionMask = 2147483647;
			files = (
				2F3F41FA19BEE8DB00487106 /* XebiaBlogTests.swift in Sources */,
			);
			runOnlyForDeploymentPostprocessing = 0;
		};
/* End PBXSourcesBuildPhase section */

/* Begin PBXTargetDependency section */
		2F3F41F519BEE8DB00487106 /* PBXTargetDependency */ = {
			isa = PBXTargetDependency;
			target = 2F3F41E019BEE8DA00487106 /* XebiaBlog */;
			targetProxy = 2F3F41F419BEE8DB00487106 /* PBXContainerItemProxy */;
		};
/* End PBXTargetDependency section */

/* Begin PBXVariantGroup section */
		2F3F41EA19BEE8DB00487106 /* Main.storyboard */ = {
			isa = PBXVariantGroup;
			children = (
				2F3F41EB19BEE8DB00487106 /* Base */,
			);
			name = Main.storyboard;
			sourceTree = "<group>";
		};
/* End PBXVariantGroup section */

/* Begin XCBuildConfiguration section */
		2F3F41FB19BEE8DB00487106 /* Debug */ = {
			isa = XCBuildConfiguration;
			buildSettings = {
				ALWAYS_SEARCH_USER_PATHS = NO;
				CLANG_CXX_LANGUAGE_STANDARD = "gnu++0x";
				CLANG_CXX_LIBRARY = "libc++";
				CLANG_ENABLE_MODULES = YES;
				CLANG_ENABLE_OBJC_ARC = YES;
				CLANG_WARN_BOOL_CONVERSION = YES;
				CLANG_WARN_CONSTANT_CONVERSION = YES;
				CLANG_WARN_DIRECT_OBJC_ISA_USAGE = YES_ERROR;
				CLANG_WARN_EMPTY_BODY = YES;
				CLANG_WARN_ENUM_CONVERSION = YES;
				CLANG_WARN_INT_CONVERSION = YES;
				CLANG_WARN_OBJC_ROOT_CLASS = YES_ERROR;
				CLANG_WARN_UNREACHABLE_CODE = YES;
				CLANG_WARN__DUPLICATE_METHOD_MATCH = YES;
				"CODE_SIGN_IDENTITY[sdk=iphoneos*]" = "iPhone Developer";
				COPY_PHASE_STRIP = NO;
				ENABLE_STRICT_OBJC_MSGSEND = YES;
				GCC_C_LANGUAGE_STANDARD = gnu99;
				GCC_DYNAMIC_NO_PIC = NO;
				GCC_OPTIMIZATION_LEVEL = 0;
				GCC_PREPROCESSOR_DEFINITIONS = (
					"DEBUG=1",
					"$(inherited)",
				);
				GCC_SYMBOLS_PRIVATE_EXTERN = NO;
				GCC_WARN_64_TO_32_BIT_CONVERSION = YES;
				GCC_WARN_ABOUT_RETURN_TYPE = YES_ERROR;
				GCC_WARN_UNDECLARED_SELECTOR = YES;
				GCC_WARN_UNINITIALIZED_AUTOS = YES_AGGRESSIVE;
				GCC_WARN_UNUSED_FUNCTION = YES;
				GCC_WARN_UNUSED_VARIABLE = YES;
				IPHONEOS_DEPLOYMENT_TARGET = 8.0;
				MTL_ENABLE_DEBUG_INFO = YES;
				ONLY_ACTIVE_ARCH = YES;
				SDKROOT = iphoneos;
				SWIFT_OPTIMIZATION_LEVEL = "-Onone";
				TARGETED_DEVICE_FAMILY = "1,2";
			};
			name = Debug;
		};
		2F3F41FC19BEE8DB00487106 /* Release */ = {
			isa = XCBuildConfiguration;
			buildSettings = {
				ALWAYS_SEARCH_USER_PATHS = NO;
				CLANG_CXX_LANGUAGE_STANDARD = "gnu++0x";
				CLANG_CXX_LIBRARY = "libc++";
				CLANG_ENABLE_MODULES = YES;
				CLANG_ENABLE_OBJC_ARC = YES;
				CLANG_WARN_BOOL_CONVERSION = YES;
				CLANG_WARN_CONSTANT_CONVERSION = YES;
				CLANG_WARN_DIRECT_OBJC_ISA_USAGE = YES_ERROR;
				CLANG_WARN_EMPTY_BODY = YES;
				CLANG_WARN_ENUM_CONVERSION = YES;
				CLANG_WARN_INT_CONVERSION = YES;
				CLANG_WARN_OBJC_ROOT_CLASS = YES_ERROR;
				CLANG_WARN_UNREACHABLE_CODE = YES;
				CLANG_WARN__DUPLICATE_METHOD_MATCH = YES;
				"CODE_SIGN_IDENTITY[sdk=iphoneos*]" = "iPhone Developer";
				COPY_PHASE_STRIP = YES;
				ENABLE_NS_ASSERTIONS = NO;
				ENABLE_STRICT_OBJC_MSGSEND = YES;
				GCC_C_LANGUAGE_STANDARD = gnu99;
				GCC_WARN_64_TO_32_BIT_CONVERSION = YES;
				GCC_WARN_ABOUT_RETURN_TYPE = YES_ERROR;
				GCC_WARN_UNDECLARED_SELECTOR = YES;
				GCC_WARN_UNINITIALIZED_AUTOS = YES_AGGRESSIVE;
				GCC_WARN_UNUSED_FUNCTION = YES;
				GCC_WARN_UNUSED_VARIABLE = YES;
				IPHONEOS_DEPLOYMENT_TARGET = 8.0;
				MTL_ENABLE_DEBUG_INFO = NO;
				SDKROOT = iphoneos;
				TARGETED_DEVICE_FAMILY = "1,2";
				VALIDATE_PRODUCT = YES;
			};
			name = Release;
		};
		2F3F41FE19BEE8DB00487106 /* Debug */ = {
			isa = XCBuildConfiguration;
			buildSettings = {
				ASSETCATALOG_COMPILER_APPICON_NAME = AppIcon;
				ASSETCATALOG_COMPILER_LAUNCHIMAGE_NAME = LaunchImage;
				INFOPLIST_FILE = XebiaBlog/Info.plist;
				LD_RUNPATH_SEARCH_PATHS = "$(inherited) @executable_path/Frameworks";
				PRODUCT_NAME = "$(TARGET_NAME)";
			};
			name = Debug;
		};
		2F3F41FF19BEE8DB00487106 /* Release */ = {
			isa = XCBuildConfiguration;
			buildSettings = {
				ASSETCATALOG_COMPILER_APPICON_NAME = AppIcon;
				ASSETCATALOG_COMPILER_LAUNCHIMAGE_NAME = LaunchImage;
				INFOPLIST_FILE = XebiaBlog/Info.plist;
				LD_RUNPATH_SEARCH_PATHS = "$(inherited) @executable_path/Frameworks";
				PRODUCT_NAME = "$(TARGET_NAME)";
			};
			name = Release;
		};
		2F3F420119BEE8DB00487106 /* Debug */ = {
			isa = XCBuildConfiguration;
			buildSettings = {
				BUNDLE_LOADER = "$(TEST_HOST)";
				FRAMEWORK_SEARCH_PATHS = (
					"$(SDKROOT)/Developer/Library/Frameworks",
					"$(inherited)",
				);
				GCC_PREPROCESSOR_DEFINITIONS = (
					"DEBUG=1",
					"$(inherited)",
				);
				INFOPLIST_FILE = XebiaBlogTests/Info.plist;
				LD_RUNPATH_SEARCH_PATHS = "$(inherited) @executable_path/Frameworks @loader_path/Frameworks";
				PRODUCT_NAME = "$(TARGET_NAME)";
				TEST_HOST = "$(BUILT_PRODUCTS_DIR)/XebiaBlog.app/XebiaBlog";
			};
			name = Debug;
		};
		2F3F420219BEE8DB00487106 /* Release */ = {
			isa = XCBuildConfiguration;
			buildSettings = {
				BUNDLE_LOADER = "$(TEST_HOST)";
				FRAMEWORK_SEARCH_PATHS = (
					"$(SDKROOT)/Developer/Library/Frameworks",
					"$(inherited)",
				);
				INFOPLIST_FILE = XebiaBlogTests/Info.plist;
				LD_RUNPATH_SEARCH_PATHS = "$(inherited) @executable_path/Frameworks @loader_path/Frameworks";
				PRODUCT_NAME = "$(TARGET_NAME)";
				TEST_HOST = "$(BUILT_PRODUCTS_DIR)/XebiaBlog.app/XebiaBlog";
			};
			name = Release;
		};
/* End XCBuildConfiguration section */

/* Begin XCConfigurationList section */
		2F3F41DC19BEE8DA00487106 /* Build configuration list for PBXProject "XebiaBlog" */ = {
			isa = XCConfigurationList;
			buildConfigurations = (
				2F3F41FB19BEE8DB00487106 /* Debug */,
				2F3F41FC19BEE8DB00487106 /* Release */,
			);
			defaultConfigurationIsVisible = 0;
			defaultConfigurationName = Release;
		};
		2F3F41FD19BEE8DB00487106 /* Build configuration list for PBXNativeTarget "XebiaBlog" */ = {
			isa = XCConfigurationList;
			buildConfigurations = (
				2F3F41FE19BEE8DB00487106 /* Debug */,
				2F3F41FF19BEE8DB00487106 /* Release */,
			);
			defaultConfigurationIsVisible = 0;
		};
		2F3F420019BEE8DB00487106 /* Build configuration list for PBXNativeTarget "XebiaBlogTests" */ = {
			isa = XCConfigurationList;
			buildConfigurations = (
				2F3F420119BEE8DB00487106 /* Debug */,
				2F3F420219BEE8DB00487106 /* Release */,
			);
			defaultConfigurationIsVisible = 0;
		};
/* End XCConfigurationList section */
	};
	rootObject = 2F3F41D919BEE8DA00487106 /* Project object */;
}
